
Microsoft Visual Studio Solution File, Format Version 12.00
# Visual Studio Version 17
VisualStudioVersion = 17.3.32929.385
MinimumVisualStudioVersion = 10.0.40219.1
Project("{9A19103F-16F7-4668-BE54-9A1E7A4F7556}") = "CqrsMediatrDemo", "CqrsMediatrDemo\CqrsMediatrDemo.csproj", "{E645FD9F-816A-40D0-9E4E-C2D15D6525E1}"
EndProject
Project("{9A19103F-16F7-4668-BE54-9A1E7A4F7556}") = "CqrsMediatrDemo.Domain", "CqrsMediatrDemo.Domain\CqrsMediatrDemo.Domain.csproj", "{C792F35C-EB8B-40B5-AFB5-73127FF859DA}"
EndProject
Project("{9A19103F-16F7-4668-BE54-9A1E7A4F7556}") = "CqrsMediatrDemo.Data", "CqrsMediatrDemo.Data\CqrsMediatrDemo.Data.csproj", "{ABC5E314-129F-4938-A037-F31D31332851}"
EndProject
Project("{FAE04EC0-301F-11D3-BF4B-00C04F79EFBC}") = "CqrsMediatrDemo.Application", "CqrsMediatrDemo.Application\CqrsMediatrDemo.Application.csproj", "{981DD68D-E385-43AE-82DD-791B7B8575A7}"
EndProject
Global
	GlobalSection(SolutionConfigurationPlatforms) = preSolution
		Debug|Any CPU = Debug|Any CPU
		Release|Any CPU = Release|Any CPU
	EndGlobalSection
	GlobalSection(ProjectConfigurationPlatforms) = postSolution
		{E645FD9F-816A-40D0-9E4E-C2D15D6525E1}.Debug|Any CPU.ActiveCfg = Debug|Any CPU
		{E645FD9F-816A-40D0-9E4E-C2D15D6525E1}.Debug|Any CPU.Build.0 = Debug|Any CPU
		{E645FD9F-816A-40D0-9E4E-C2D15D6525E1}.Release|Any CPU.ActiveCfg = Release|Any CPU
		{E645FD9F-816A-40D0-9E4E-C2D15D6525E1}.Release|Any CPU.Build.0 = Release|Any CPU
		{C792F35C-EB8B-40B5-AFB5-73127FF859DA}.Debug|Any CPU.ActiveCfg = Debug|Any CPU
		{C792F35C-EB8B-40B5-AFB5-73127FF859DA}.Debug|Any CPU.Build.0 = Debug|Any CPU
		{C792F35C-EB8B-40B5-AFB5-73127FF859DA}.Release|Any CPU.ActiveCfg = Release|Any CPU
		{C792F35C-EB8B-40B5-AFB5-73127FF859DA}.Release|Any CPU.Build.0 = Release|Any CPU
		{ABC5E314-129F-4938-A037-F31D31332851}.Debug|Any CPU.ActiveCfg = Debug|Any CPU
		{ABC5E314-129F-4938-A037-F31D31332851}.Debug|Any CPU.Build.0 = Debug|Any CPU
		{ABC5E314-129F-4938-A037-F31D31332851}.Release|Any CPU.ActiveCfg = Release|Any CPU
		{ABC5E314-129F-4938-A037-F31D31332851}.Release|Any CPU.Build.0 = Release|Any CPU
		{981DD68D-E385-43AE-82DD-791B7B8575A7}.Debug|Any CPU.ActiveCfg = Debug|Any CPU
		{981DD68D-E385-43AE-82DD-791B7B8575A7}.Debug|Any CPU.Build.0 = Debug|Any CPU
		{981DD68D-E385-43AE-82DD-791B7B8575A7}.Release|Any CPU.ActiveCfg = Release|Any CPU
		{981DD68D-E385-43AE-82DD-791B7B8575A7}.Release|Any CPU.Build.0 = Release|Any CPU
	EndGlobalSection
	GlobalSection(SolutionProperties) = preSolution
		HideSolutionNode = FALSE
	EndGlobalSection
	GlobalSection(ExtensibilityGlobals) = postSolution
		SolutionGuid = {00EF995C-3BAB-4CDF-A046-A659D0CEE9AF}
	EndGlobalSection
EndGlobal
